
Microsoft Visual Studio Solution File, Format Version 12.00
# Visual Studio Version 17
VisualStudioVersion = 17.6.33829.357
MinimumVisualStudioVersion = 10.0.40219.1
Project("{9A19103F-16F7-4668-BE54-9A1E7A4F7556}") = "NMediatController.ASPNET", "source\NMediatController.ASPNET\NMediatController.ASPNET.csproj", "{91D31A36-01E4-44AE-B7F3-002F71CE68C3}"
EndProject
Project("{9A19103F-16F7-4668-BE54-9A1E7A4F7556}") = "NMediatController", "source\NMediatController\NMediatController.csproj", "{C2E1C012-484B-410D-99C0-26B65C48149E}"
EndProject
Project("{9A19103F-16F7-4668-BE54-9A1E7A4F7556}") = "NMediatController.Tests", "source\NMediatController.Tests\NMediatController.Tests.csproj", "{A13D6F9F-90A4-47C1-AF60-661C3D7AABD8}"
EndProject
Project("{2150E333-8FDC-42A3-9474-1A3956D46DE8}") = "Solution Items", "Solution Items", "{BD2C8E70-D8D9-40C3-AAC3-1048750220B0}"
	ProjectSection(SolutionItems) = preProject
		.editorconfig = .editorconfig
	EndProjectSection
EndProject
Project("{FAE04EC0-301F-11D3-BF4B-00C04F79EFBC}") = "NMediatController.Samples", "samples\NMediatController.Samples\NMediatController.Samples.csproj", "{7446CB5E-62BE-4D50-818F-03EAF498320F}"
EndProject
Global
	GlobalSection(SolutionConfigurationPlatforms) = preSolution
		Debug|Any CPU = Debug|Any CPU
		Release|Any CPU = Release|Any CPU
	EndGlobalSection
	GlobalSection(ProjectConfigurationPlatforms) = postSolution
		{91D31A36-01E4-44AE-B7F3-002F71CE68C3}.Debug|Any CPU.ActiveCfg = Debug|Any CPU
		{91D31A36-01E4-44AE-B7F3-002F71CE68C3}.Debug|Any CPU.Build.0 = Debug|Any CPU
		{91D31A36-01E4-44AE-B7F3-002F71CE68C3}.Release|Any CPU.ActiveCfg = Release|Any CPU
		{91D31A36-01E4-44AE-B7F3-002F71CE68C3}.Release|Any CPU.Build.0 = Release|Any CPU
		{C2E1C012-484B-410D-99C0-26B65C48149E}.Debug|Any CPU.ActiveCfg = Debug|Any CPU
		{C2E1C012-484B-410D-99C0-26B65C48149E}.Debug|Any CPU.Build.0 = Debug|Any CPU
		{C2E1C012-484B-410D-99C0-26B65C48149E}.Release|Any CPU.ActiveCfg = Release|Any CPU
		{C2E1C012-484B-410D-99C0-26B65C48149E}.Release|Any CPU.Build.0 = Release|Any CPU
		{A13D6F9F-90A4-47C1-AF60-661C3D7AABD8}.Debug|Any CPU.ActiveCfg = Debug|Any CPU
		{A13D6F9F-90A4-47C1-AF60-661C3D7AABD8}.Debug|Any CPU.Build.0 = Debug|Any CPU
		{A13D6F9F-90A4-47C1-AF60-661C3D7AABD8}.Release|Any CPU.ActiveCfg = Release|Any CPU
		{A13D6F9F-90A4-47C1-AF60-661C3D7AABD8}.Release|Any CPU.Build.0 = Release|Any CPU
		{7446CB5E-62BE-4D50-818F-03EAF498320F}.Debug|Any CPU.ActiveCfg = Debug|Any CPU
		{7446CB5E-62BE-4D50-818F-03EAF498320F}.Debug|Any CPU.Build.0 = Debug|Any CPU
		{7446CB5E-62BE-4D50-818F-03EAF498320F}.Release|Any CPU.ActiveCfg = Release|Any CPU
		{7446CB5E-62BE-4D50-818F-03EAF498320F}.Release|Any CPU.Build.0 = Release|Any CPU
	EndGlobalSection
	GlobalSection(SolutionProperties) = preSolution
		HideSolutionNode = FALSE
	EndGlobalSection
	GlobalSection(ExtensibilityGlobals) = postSolution
		SolutionGuid = {BBB4FDF9-8BA0-4B3B-BB93-6BBCE7EB0D39}
	EndGlobalSection
EndGlobal
